<?xml version="1.0" encoding="utf-8"?>
<Project ToolsVersion="4.0" xmlns="http://schemas.microsoft.com/developer/msbuild/2003">
  <ItemGroup>
    <Filter Include="Source Files">
      <UniqueIdentifier>{4FC737F1-C7A5-4376-A066-2A32D752A2FF}</UniqueIdentifier>
      <Extensions>cpp;c;cc;cxx;c++;cppm;ixx;def;odl;idl;hpj;bat;asm;asmx</Extensions>
    </Filter>
    <Filter Include="Header Files">
      <UniqueIdentifier>{93995380-89BD-4b04-88EB-625FBE52EBFB}</UniqueIdentifier>
      <Extensions>h;hh;hpp;hxx;h++;hm;inl;inc;ipp;xsd</Extensions>
    </Filter>
    <Filter Include="Resource Files">
      <UniqueIdentifier>{67DA6AB6-F800-4c08-8B7A-83BB121AAD01}</UniqueIdentifier>
      <Extensions>rc;ico;cur;bmp;dlg;rc2;rct;bin;rgs;gif;jpg;jpeg;jpe;resx;tiff;tif;png;wav;mfcribbon-ms</Extensions>
    </Filter>
  </ItemGroup>
  <ItemGroup>
    <ClInclude Include="source\GEMLoader.h">
      <Filter>Header Files</Filter>
    </ClInclude>
    <ClInclude Include="source\Renderer.h">
      <Filter>Header Files</Filter>
    </ClInclude>
    <ClInclude Include="source\GamesEngineeringBase.h">
      <Filter>Header Files</Filter>
    </ClInclude>
    <ClInclude Include="source\Core.h">
      <Filter>Header Files</Filter>
    </ClInclude>
    <ClInclude Include="source\Geometry.h">
      <Filter>Header Files</Filter>
    </ClInclude>
    <ClInclude Include="source\Sampling.h">
      <Filter>Header Files</Filter>
    </ClInclude>
    <ClInclude Include="source\Materials.h">
      <Filter>Header Files</Filter>
    </ClInclude>
    <ClInclude Include="source\Imaging.h">
      <Filter>Header Files</Filter>
    </ClInclude>
    <ClInclude Include="source\Scene.h">
      <Filter>Header Files</Filter>
    </ClInclude>
    <ClInclude Include="source\Lights.h">
      <Filter>Header Files</Filter>
    </ClInclude>
    <ClInclude Include="source\SceneLoader.h">
      <Filter>Header Files</Filter>
    </ClInclude>
    <ClInclude Include="source\stb_image.h">
      <Filter>Header Files</Filter>
    </ClInclude>
    <ClInclude Include="source\stb_image_write.h">
      <Filter>Header Files</Filter>
    </ClInclude>
    <ClInclude Include="source\Denoiser.h">
      <Filter>Header Files</Filter>
    </ClInclude>
    <ClInclude Include="source\Settings.h">
      <Filter>Header Files</Filter>
    </ClInclude>
    <ClInclude Include="source\SceneManager.h">
      <Filter>Header Files</Filter>
    </ClInclude>
    <ClInclude Include="source\Bvh.h">
      <Filter>Header Files</Filter>
    </ClInclude>
    <ClInclude Include="source\Camera.h">
      <Filter>Header Files</Filter>
    </ClInclude>
    <ClInclude Include="source\CustomScene.h">
      <Filter>Header Files</Filter>
    </ClInclude>
    <ClInclude Include="source\MeshObjects.h">
      <Filter>Header Files</Filter>
    </ClInclude>
    <ClInclude Include="source\ObjLoader.h">
      <Filter>Header Files</Filter>
    </ClInclude>
    <ClInclude Include="source\MediumData.h">
      <Filter>Header Files</Filter>
    </ClInclude>
    <ClInclude Include="source\PhaseFunctions.h">
      <Filter>Header Files</Filter>
    </ClInclude>
    <ClInclude Include="source\NewBvh.h">
      <Filter>Header Files</Filter>
    </ClInclude>
    <ClInclude Include="external\nlohmann\detail\conversions\from_json.hpp">
      <Filter>Header Files</Filter>
    </ClInclude>
    <ClInclude Include="external\nlohmann\detail\conversions\to_chars.hpp">
      <Filter>Header Files</Filter>
    </ClInclude>
    <ClInclude Include="external\nlohmann\detail\conversions\to_json.hpp">
      <Filter>Header Files</Filter>
    </ClInclude>
    <ClInclude Include="external\nlohmann\detail\input\binary_reader.hpp">
      <Filter>Header Files</Filter>
    </ClInclude>
    <ClInclude Include="external\nlohmann\detail\input\input_adapters.hpp">
      <Filter>Header Files</Filter>
    </ClInclude>
    <ClInclude Include="external\nlohmann\detail\input\json_sax.hpp">
      <Filter>Header Files</Filter>
    </ClInclude>
    <ClInclude Include="external\nlohmann\detail\input\lexer.hpp">
      <Filter>Header Files</Filter>
    </ClInclude>
    <ClInclude Include="external\nlohmann\detail\input\parser.hpp">
      <Filter>Header Files</Filter>
    </ClInclude>
    <ClInclude Include="external\nlohmann\detail\input\position_t.hpp">
      <Filter>Header Files</Filter>
    </ClInclude>
    <ClInclude Include="external\nlohmann\detail\iterators\internal_iterator.hpp">
      <Filter>Header Files</Filter>
    </ClInclude>
    <ClInclude Include="external\nlohmann\detail\iterators\iter_impl.hpp">
      <Filter>Header Files</Filter>
    </ClInclude>
    <ClInclude Include="external\nlohmann\detail\iterators\iteration_proxy.hpp">
      <Filter>Header Files</Filter>
    </ClInclude>
    <ClInclude Include="external\nlohmann\detail\iterators\iterator_traits.hpp">
      <Filter>Header Files</Filter>
    </ClInclude>
    <ClInclude Include="external\nlohmann\detail\iterators\json_reverse_iterator.hpp">
      <Filter>Header Files</Filter>
    </ClInclude>
    <ClInclude Include="external\nlohmann\detail\iterators\primitive_iterator.hpp">
      <Filter>Header Files</Filter>
    </ClInclude>
    <ClInclude Include="external\nlohmann\detail\meta\call_std\begin.hpp">
      <Filter>Header Files</Filter>
    </ClInclude>
    <ClInclude Include="external\nlohmann\detail\meta\call_std\end.hpp">
      <Filter>Header Files</Filter>
    </ClInclude>
    <ClInclude Include="external\nlohmann\detail\meta\cpp_future.hpp">
      <Filter>Header Files</Filter>
    </ClInclude>
    <ClInclude Include="external\nlohmann\detail\meta\detected.hpp">
      <Filter>Header Files</Filter>
    </ClInclude>
    <ClInclude Include="external\nlohmann\detail\meta\identity_tag.hpp">
      <Filter>Header Files</Filter>
    </ClInclude>
    <ClInclude Include="external\nlohmann\detail\meta\is_sax.hpp">
      <Filter>Header Files</Filter>
    </ClInclude>
    <ClInclude Include="external\nlohmann\detail\meta\std_fs.hpp">
      <Filter>Header Files</Filter>
    </ClInclude>
    <ClInclude Include="external\nlohmann\detail\meta\type_traits.hpp">
      <Filter>Header Files</Filter>
    </ClInclude>
    <ClInclude Include="external\nlohmann\detail\meta\void_t.hpp">
      <Filter>Header Files</Filter>
    </ClInclude>
    <ClInclude Include="external\nlohmann\detail\abi_macros.hpp">
      <Filter>Header Files</Filter>
    </ClInclude>
    <ClInclude Include="external\nlohmann\detail\exceptions.hpp">
      <Filter>Header Files</Filter>
    </ClInclude>
    <ClInclude Include="external\nlohmann\detail\hash.hpp">
      <Filter>Header Files</Filter>
    </ClInclude>
    <ClInclude Include="external\nlohmann\detail\json_custom_base_class.hpp">
      <Filter>Header Files</Filter>
    </ClInclude>
    <ClInclude Include="external\nlohmann\detail\json_pointer.hpp">
      <Filter>Header Files</Filter>
    </ClInclude>
    <ClInclude Include="external\nlohmann\detail\json_ref.hpp">
      <Filter>Header Files</Filter>
    </ClInclude>
    <ClInclude Include="external\nlohmann\detail\macro_scope.hpp">
      <Filter>Header Files</Filter>
    </ClInclude>
    <ClInclude Include="external\nlohmann\detail\macro_unscope.hpp">
      <Filter>Header Files</Filter>
    </ClInclude>
    <ClInclude Include="external\nlohmann\detail\string_concat.hpp">
      <Filter>Header Files</Filter>
    </ClInclude>
    <ClInclude Include="external\nlohmann\detail\string_escape.hpp">
      <Filter>Header Files</Filter>
    </ClInclude>
    <ClInclude Include="external\nlohmann\detail\string_utils.hpp">
      <Filter>Header Files</Filter>
    </ClInclude>
    <ClInclude Include="external\nlohmann\detail\value_t.hpp">
      <Filter>Header Files</Filter>
    </ClInclude>
    <ClInclude Include="external\nlohmann\thirdparty\hedley\hedley.hpp">
      <Filter>Header Files</Filter>
    </ClInclude>
    <ClInclude Include="external\nlohmann\thirdparty\hedley\hedley_undef.hpp">
      <Filter>Header Files</Filter>
    </ClInclude>
    <ClInclude Include="external\nlohmann\adl_serializer.hpp">
      <Filter>Header Files</Filter>
    </ClInclude>
    <ClInclude Include="external\nlohmann\byte_container_with_subtype.hpp">
      <Filter>Header Files</Filter>
    </ClInclude>
    <ClInclude Include="external\nlohmann\json.hpp">
      <Filter>Header Files</Filter>
    </ClInclude>
    <ClInclude Include="external\nlohmann\json_fwd.hpp">
      <Filter>Header Files</Filter>
    </ClInclude>
    <ClInclude Include="external\nlohmann\ordered_map.hpp">
      <Filter>Header Files</Filter>
    </ClInclude>
    <ClInclude Include="external\nlohmann\detail\_output\binary_writer.hpp">
      <Filter>Header Files</Filter>
    </ClInclude>
    <ClInclude Include="external\nlohmann\detail\_output\output_adapters.hpp">
      <Filter>Header Files</Filter>
    </ClInclude>
    <ClInclude Include="external\nlohmann\detail\_output\serializer.hpp">
      <Filter>Header Files</Filter>
    </ClInclude>
    <ClInclude Include="external\json.hpp">
      <Filter>Header Files</Filter>
    </ClInclude>
  </ItemGroup>
  <ItemGroup>
    <ClCompile Include="source\Main.cpp">
      <Filter>Source Files</Filter>
    </ClCompile>
  </ItemGroup>
</Project>